
Microsoft Visual Studio Solution File, Format Version 12.00
# Visual Studio 2013
VisualStudioVersion = 12.0.40629.0
MinimumVisualStudioVersion = 10.0.40219.1
Project("{FAE04EC0-301F-11D3-BF4B-00C04F79EFBC}") = "StationKeypad", "StationKeypad\StationKeypad.csproj", "{00CFFD31-2555-4A16-91ED-5778FB6895E5}"
EndProject
Project("{FAE04EC0-301F-11D3-BF4B-00C04F79EFBC}") = "StationKeypad.Tests", "StationKeypad.Tests\StationKeypad.Tests.csproj", "{0962C1AD-2653-4937-A4D2-462BF18FB412}"
EndProject
Project("{FAE04EC0-301F-11D3-BF4B-00C04F79EFBC}") = "StationKeypad.Services", "StationKeypad.Services\StationKeypad.Services.csproj", "{7182CF09-B147-4A1C-8E23-4E437D4F9765}"
EndProject
Global
	GlobalSection(SolutionConfigurationPlatforms) = preSolution
		Debug|Any CPU = Debug|Any CPU
		Release|Any CPU = Release|Any CPU
	EndGlobalSection
	GlobalSection(ProjectConfigurationPlatforms) = postSolution
		{00CFFD31-2555-4A16-91ED-5778FB6895E5}.Debug|Any CPU.ActiveCfg = Debug|Any CPU
		{00CFFD31-2555-4A16-91ED-5778FB6895E5}.Debug|Any CPU.Build.0 = Debug|Any CPU
		{00CFFD31-2555-4A16-91ED-5778FB6895E5}.Release|Any CPU.ActiveCfg = Release|Any CPU
		{00CFFD31-2555-4A16-91ED-5778FB6895E5}.Release|Any CPU.Build.0 = Release|Any CPU
		{0962C1AD-2653-4937-A4D2-462BF18FB412}.Debug|Any CPU.ActiveCfg = Debug|Any CPU
		{0962C1AD-2653-4937-A4D2-462BF18FB412}.Debug|Any CPU.Build.0 = Debug|Any CPU
		{0962C1AD-2653-4937-A4D2-462BF18FB412}.Release|Any CPU.ActiveCfg = Release|Any CPU
		{0962C1AD-2653-4937-A4D2-462BF18FB412}.Release|Any CPU.Build.0 = Release|Any CPU
		{7182CF09-B147-4A1C-8E23-4E437D4F9765}.Debug|Any CPU.ActiveCfg = Debug|Any CPU
		{7182CF09-B147-4A1C-8E23-4E437D4F9765}.Debug|Any CPU.Build.0 = Debug|Any CPU
		{7182CF09-B147-4A1C-8E23-4E437D4F9765}.Release|Any CPU.ActiveCfg = Release|Any CPU
		{7182CF09-B147-4A1C-8E23-4E437D4F9765}.Release|Any CPU.Build.0 = Release|Any CPU
	EndGlobalSection
	GlobalSection(SolutionProperties) = preSolution
		HideSolutionNode = FALSE
	EndGlobalSection
EndGlobal
